
Microsoft Visual Studio Solution File, Format Version 12.00
# Visual Studio 15
Project("{FAE04EC0-301F-11D3-BF4B-00C04F79EFBC}") = "Assembly-CSharp", "Assembly-CSharp.csproj", "{8B1241D0-462D-4344-82F7-B1FE9E97C8BD}"
EndProject
Project("{FAE04EC0-301F-11D3-BF4B-00C04F79EFBC}") = "Assembly-CSharp-Editor", "Assembly-CSharp-Editor.csproj", "{A77E4AE2-3618-87F7-797F-FB86673B8B15}"
EndProject
Global
	GlobalSection(SolutionConfigurationPlatforms) = preSolution
		Debug|Any CPU = Debug|Any CPU
		Release|Any CPU = Release|Any CPU
	EndGlobalSection
	GlobalSection(ProjectConfigurationPlatforms) = postSolution
		{8B1241D0-462D-4344-82F7-B1FE9E97C8BD}.Debug|Any CPU.ActiveCfg = Debug|Any CPU
		{8B1241D0-462D-4344-82F7-B1FE9E97C8BD}.Debug|Any CPU.Build.0 = Debug|Any CPU
		{8B1241D0-462D-4344-82F7-B1FE9E97C8BD}.Release|Any CPU.ActiveCfg = Release|Any CPU
		{8B1241D0-462D-4344-82F7-B1FE9E97C8BD}.Release|Any CPU.Build.0 = Release|Any CPU
		{A77E4AE2-3618-87F7-797F-FB86673B8B15}.Debug|Any CPU.ActiveCfg = Debug|Any CPU
		{A77E4AE2-3618-87F7-797F-FB86673B8B15}.Debug|Any CPU.Build.0 = Debug|Any CPU
		{A77E4AE2-3618-87F7-797F-FB86673B8B15}.Release|Any CPU.ActiveCfg = Release|Any CPU
		{A77E4AE2-3618-87F7-797F-FB86673B8B15}.Release|Any CPU.Build.0 = Release|Any CPU
	EndGlobalSection
	GlobalSection(SolutionProperties) = preSolution
		HideSolutionNode = FALSE
	EndGlobalSection
EndGlobal
